// !$*UTF8*$!
{
	archiveVersion = 1;
	classes = {
	};
	objectVersion = 55;
	objects = {

/* Begin PBXBuildFile section */
		AC1578DB27529E2100FF7529 /* Item-CoreData-Helpers.swift in Sources */ = {isa = PBXBuildFile; fileRef = AC1578DA27529E2100FF7529 /* Item-CoreData-Helpers.swift */; };
		AC1578DD27529F6A00FF7529 /* Project-CoreData-Helpers.swift in Sources */ = {isa = PBXBuildFile; fileRef = AC1578DC27529F6A00FF7529 /* Project-CoreData-Helpers.swift */; };
		AC815D0C27564BA700F1F62F /* Bundle-Decodable.swift in Sources */ = {isa = PBXBuildFile; fileRef = AC815D0B27564BA700F1F62F /* Bundle-Decodable.swift */; };
		AC815D102756528100F1F62F /* Award.swift in Sources */ = {isa = PBXBuildFile; fileRef = AC815D0F2756528100F1F62F /* Award.swift */; };
		AC815D122756530600F1F62F /* AwardsView.swift in Sources */ = {isa = PBXBuildFile; fileRef = AC815D112756530600F1F62F /* AwardsView.swift */; };
		AC815D1427567DB600F1F62F /* Color-Additions.swift in Sources */ = {isa = PBXBuildFile; fileRef = AC815D1327567DB600F1F62F /* Color-Additions.swift */; };
		AC815D192756A2E300F1F62F /* Localizable.strings in Resources */ = {isa = PBXBuildFile; fileRef = AC815D1B2756A2E300F1F62F /* Localizable.strings */; };
		AC815D1D2756A3D800F1F62F /* Localizable.stringsdict in Resources */ = {isa = PBXBuildFile; fileRef = AC815D1F2756A3D800F1F62F /* Localizable.stringsdict */; };
		AC815D212756A5CE00F1F62F /* Awards.json in Resources */ = {isa = PBXBuildFile; fileRef = AC815D232756A5CE00F1F62F /* Awards.json */; };
		AC8508602756D21500D5ED95 /* ItemListView.swift in Sources */ = {isa = PBXBuildFile; fileRef = AC85085F2756D21500D5ED95 /* ItemListView.swift */; };
		AC8508622756D37800D5ED95 /* ProjectSummaryView.swift in Sources */ = {isa = PBXBuildFile; fileRef = AC8508612756D37800D5ED95 /* ProjectSummaryView.swift */; };
		ACAF77A727554DA900C0E40F /* Sequence-Sorting.swift in Sources */ = {isa = PBXBuildFile; fileRef = ACAF77A627554DA900C0E40F /* Sequence-Sorting.swift */; };
		ACAF77A9275573CF00C0E40F /* SelectSomethingView.swift in Sources */ = {isa = PBXBuildFile; fileRef = ACAF77A8275573CF00C0E40F /* SelectSomethingView.swift */; };
		ACC6116C2753E4E500EF0AF8 /* EditItemView.swift in Sources */ = {isa = PBXBuildFile; fileRef = ACC6116B2753E4E500EF0AF8 /* EditItemView.swift */; };
		ACC6116E2754334D00EF0AF8 /* ItemRowView.swift in Sources */ = {isa = PBXBuildFile; fileRef = ACC6116D2754334D00EF0AF8 /* ItemRowView.swift */; };
		ACC611702754A75200EF0AF8 /* Binding-OnChange.swift in Sources */ = {isa = PBXBuildFile; fileRef = ACC6116F2754A75200EF0AF8 /* Binding-OnChange.swift */; };
		ACC611722754AAFE00EF0AF8 /* ProjectHeaderView.swift in Sources */ = {isa = PBXBuildFile; fileRef = ACC611712754AAFE00EF0AF8 /* ProjectHeaderView.swift */; };
		ACC611742754ADFF00EF0AF8 /* Colors.xcassets in Resources */ = {isa = PBXBuildFile; fileRef = ACC611732754ADFF00EF0AF8 /* Colors.xcassets */; };
		ACC611762754AEFD00EF0AF8 /* EditProjectView.swift in Sources */ = {isa = PBXBuildFile; fileRef = ACC611752754AEFD00EF0AF8 /* EditProjectView.swift */; };
		ACD91DF52752733A00FD4FA0 /* UltimatePortfolioApp.swift in Sources */ = {isa = PBXBuildFile; fileRef = ACD91DF42752733A00FD4FA0 /* UltimatePortfolioApp.swift */; };
		ACD91DF72752733A00FD4FA0 /* ContentView.swift in Sources */ = {isa = PBXBuildFile; fileRef = ACD91DF62752733A00FD4FA0 /* ContentView.swift */; };
		ACD91DF92752733C00FD4FA0 /* Assets.xcassets in Resources */ = {isa = PBXBuildFile; fileRef = ACD91DF82752733C00FD4FA0 /* Assets.xcassets */; };
		ACD91DFC2752733C00FD4FA0 /* Preview Assets.xcassets in Resources */ = {isa = PBXBuildFile; fileRef = ACD91DFB2752733C00FD4FA0 /* Preview Assets.xcassets */; };
		ACD91E042752740500FD4FA0 /* Main.xcdatamodeld in Sources */ = {isa = PBXBuildFile; fileRef = ACD91E022752740500FD4FA0 /* Main.xcdatamodeld */; };
		ACD91E062752780C00FD4FA0 /* DataController.swift in Sources */ = {isa = PBXBuildFile; fileRef = ACD91E052752780C00FD4FA0 /* DataController.swift */; };
		ACD91E0B27527FB100FD4FA0 /* CloudKit.framework in Frameworks */ = {isa = PBXBuildFile; fileRef = ACD91E0A27527FB100FD4FA0 /* CloudKit.framework */; };
		ACD91E0D2752835400FD4FA0 /* HomeView.swift in Sources */ = {isa = PBXBuildFile; fileRef = ACD91E0C2752835400FD4FA0 /* HomeView.swift */; };
		ACD91E0F275283A400FD4FA0 /* ProjectsView.swift in Sources */ = {isa = PBXBuildFile; fileRef = ACD91E0E275283A400FD4FA0 /* ProjectsView.swift */; };
/* End PBXBuildFile section */

/* Begin PBXFileReference section */
		AC1578DA27529E2100FF7529 /* Item-CoreData-Helpers.swift */ = {isa = PBXFileReference; lastKnownFileType = sourcecode.swift; path = "Item-CoreData-Helpers.swift"; sourceTree = "<group>"; };
		AC1578DC27529F6A00FF7529 /* Project-CoreData-Helpers.swift */ = {isa = PBXFileReference; lastKnownFileType = sourcecode.swift; path = "Project-CoreData-Helpers.swift"; sourceTree = "<group>"; };
		AC815D0B27564BA700F1F62F /* Bundle-Decodable.swift */ = {isa = PBXFileReference; lastKnownFileType = sourcecode.swift; path = "Bundle-Decodable.swift"; sourceTree = "<group>"; };
		AC815D0F2756528100F1F62F /* Award.swift */ = {isa = PBXFileReference; lastKnownFileType = sourcecode.swift; path = Award.swift; sourceTree = "<group>"; };
		AC815D112756530600F1F62F /* AwardsView.swift */ = {isa = PBXFileReference; lastKnownFileType = sourcecode.swift; path = AwardsView.swift; sourceTree = "<group>"; };
		AC815D1327567DB600F1F62F /* Color-Additions.swift */ = {isa = PBXFileReference; lastKnownFileType = sourcecode.swift; path = "Color-Additions.swift"; sourceTree = "<group>"; };
		AC815D1A2756A2E300F1F62F /* en */ = {isa = PBXFileReference; lastKnownFileType = text.plist.strings; name = en; path = en.lproj/Localizable.strings; sourceTree = "<group>"; };
		AC815D1C2756A2F200F1F62F /* hu */ = {isa = PBXFileReference; lastKnownFileType = text.plist.strings; name = hu; path = hu.lproj/Localizable.strings; sourceTree = "<group>"; };
		AC815D1E2756A3D800F1F62F /* en */ = {isa = PBXFileReference; lastKnownFileType = text.plist.stringsdict; name = en; path = en.lproj/Localizable.stringsdict; sourceTree = "<group>"; };
		AC815D202756A3DD00F1F62F /* hu */ = {isa = PBXFileReference; lastKnownFileType = text.plist.stringsdict; name = hu; path = hu.lproj/Localizable.stringsdict; sourceTree = "<group>"; };
		AC815D222756A5CE00F1F62F /* en */ = {isa = PBXFileReference; lastKnownFileType = text.json; name = en; path = en.lproj/Awards.json; sourceTree = "<group>"; };
		AC815D242756A5D400F1F62F /* hu */ = {isa = PBXFileReference; lastKnownFileType = text.json; name = hu; path = hu.lproj/Awards.json; sourceTree = "<group>"; };
		AC85085F2756D21500D5ED95 /* ItemListView.swift */ = {isa = PBXFileReference; lastKnownFileType = sourcecode.swift; path = ItemListView.swift; sourceTree = "<group>"; };
		AC8508612756D37800D5ED95 /* ProjectSummaryView.swift */ = {isa = PBXFileReference; lastKnownFileType = sourcecode.swift; path = ProjectSummaryView.swift; sourceTree = "<group>"; };
		ACAF77A627554DA900C0E40F /* Sequence-Sorting.swift */ = {isa = PBXFileReference; lastKnownFileType = sourcecode.swift; path = "Sequence-Sorting.swift"; sourceTree = "<group>"; };
		ACAF77A8275573CF00C0E40F /* SelectSomethingView.swift */ = {isa = PBXFileReference; lastKnownFileType = sourcecode.swift; path = SelectSomethingView.swift; sourceTree = "<group>"; };
		ACC6116B2753E4E500EF0AF8 /* EditItemView.swift */ = {isa = PBXFileReference; lastKnownFileType = sourcecode.swift; path = EditItemView.swift; sourceTree = "<group>"; };
		ACC6116D2754334D00EF0AF8 /* ItemRowView.swift */ = {isa = PBXFileReference; lastKnownFileType = sourcecode.swift; path = ItemRowView.swift; sourceTree = "<group>"; };
		ACC6116F2754A75200EF0AF8 /* Binding-OnChange.swift */ = {isa = PBXFileReference; lastKnownFileType = sourcecode.swift; path = "Binding-OnChange.swift"; sourceTree = "<group>"; };
		ACC611712754AAFE00EF0AF8 /* ProjectHeaderView.swift */ = {isa = PBXFileReference; lastKnownFileType = sourcecode.swift; path = ProjectHeaderView.swift; sourceTree = "<group>"; };
		ACC611732754ADFF00EF0AF8 /* Colors.xcassets */ = {isa = PBXFileReference; lastKnownFileType = folder.assetcatalog; path = Colors.xcassets; sourceTree = "<group>"; };
		ACC611752754AEFD00EF0AF8 /* EditProjectView.swift */ = {isa = PBXFileReference; lastKnownFileType = sourcecode.swift; path = EditProjectView.swift; sourceTree = "<group>"; };
		ACD91DF12752733A00FD4FA0 /* Ultimate Portfolio.app */ = {isa = PBXFileReference; explicitFileType = wrapper.application; includeInIndex = 0; path = "Ultimate Portfolio.app"; sourceTree = BUILT_PRODUCTS_DIR; };
		ACD91DF42752733A00FD4FA0 /* UltimatePortfolioApp.swift */ = {isa = PBXFileReference; lastKnownFileType = sourcecode.swift; path = UltimatePortfolioApp.swift; sourceTree = "<group>"; };
		ACD91DF62752733A00FD4FA0 /* ContentView.swift */ = {isa = PBXFileReference; lastKnownFileType = sourcecode.swift; path = ContentView.swift; sourceTree = "<group>"; };
		ACD91DF82752733C00FD4FA0 /* Assets.xcassets */ = {isa = PBXFileReference; lastKnownFileType = folder.assetcatalog; path = Assets.xcassets; sourceTree = "<group>"; };
		ACD91DFB2752733C00FD4FA0 /* Preview Assets.xcassets */ = {isa = PBXFileReference; lastKnownFileType = folder.assetcatalog; path = "Preview Assets.xcassets"; sourceTree = "<group>"; };
		ACD91E032752740500FD4FA0 /* Main.xcdatamodel */ = {isa = PBXFileReference; lastKnownFileType = wrapper.xcdatamodel; path = Main.xcdatamodel; sourceTree = "<group>"; };
		ACD91E052752780C00FD4FA0 /* DataController.swift */ = {isa = PBXFileReference; lastKnownFileType = sourcecode.swift; path = DataController.swift; sourceTree = "<group>"; };
		ACD91E0727527F8B00FD4FA0 /* Ultimate Portfolio.entitlements */ = {isa = PBXFileReference; lastKnownFileType = text.plist.entitlements; path = "Ultimate Portfolio.entitlements"; sourceTree = "<group>"; };
		ACD91E0827527F9200FD4FA0 /* Ultimate-Portfolio-Info.plist */ = {isa = PBXFileReference; lastKnownFileType = text.plist; path = "Ultimate-Portfolio-Info.plist"; sourceTree = SOURCE_ROOT; };
		ACD91E0A27527FB100FD4FA0 /* CloudKit.framework */ = {isa = PBXFileReference; lastKnownFileType = wrapper.framework; name = CloudKit.framework; path = System/Library/Frameworks/CloudKit.framework; sourceTree = SDKROOT; };
		ACD91E0C2752835400FD4FA0 /* HomeView.swift */ = {isa = PBXFileReference; lastKnownFileType = sourcecode.swift; path = HomeView.swift; sourceTree = "<group>"; };
		ACD91E0E275283A400FD4FA0 /* ProjectsView.swift */ = {isa = PBXFileReference; lastKnownFileType = sourcecode.swift; path = ProjectsView.swift; sourceTree = "<group>"; };
/* End PBXFileReference section */

/* Begin PBXFrameworksBuildPhase section */
		ACD91DEE2752733A00FD4FA0 /* Frameworks */ = {
			isa = PBXFrameworksBuildPhase;
			buildActionMask = 2147483647;
			files = (
				ACD91E0B27527FB100FD4FA0 /* CloudKit.framework in Frameworks */,
			);
			runOnlyForDeploymentPostprocessing = 0;
		};
/* End PBXFrameworksBuildPhase section */

/* Begin PBXGroup section */
		ACD91DE82752733900FD4FA0 = {
			isa = PBXGroup;
			children = (
				ACD91DF32752733A00FD4FA0 /* Ultimate Portfolio */,
				ACD91DF22752733A00FD4FA0 /* Products */,
				ACD91E0927527FB100FD4FA0 /* Frameworks */,
			);
			sourceTree = "<group>";
		};
		ACD91DF22752733A00FD4FA0 /* Products */ = {
			isa = PBXGroup;
			children = (
				ACD91DF12752733A00FD4FA0 /* Ultimate Portfolio.app */,
			);
			name = Products;
			sourceTree = "<group>";
		};
		ACD91DF32752733A00FD4FA0 /* Ultimate Portfolio */ = {
			isa = PBXGroup;
			children = (
				ACD91E0827527F9200FD4FA0 /* Ultimate-Portfolio-Info.plist */,
				ACD91E0727527F8B00FD4FA0 /* Ultimate Portfolio.entitlements */,
				ACD91DF42752733A00FD4FA0 /* UltimatePortfolioApp.swift */,
				ACD91DF62752733A00FD4FA0 /* ContentView.swift */,
				ACC6116B2753E4E500EF0AF8 /* EditItemView.swift */,
				ACC611712754AAFE00EF0AF8 /* ProjectHeaderView.swift */,
				ACC611752754AEFD00EF0AF8 /* EditProjectView.swift */,
				ACC6116F2754A75200EF0AF8 /* Binding-OnChange.swift */,
				ACD91E0C2752835400FD4FA0 /* HomeView.swift */,
				AC85085F2756D21500D5ED95 /* ItemListView.swift */,
				AC815D0B27564BA700F1F62F /* Bundle-Decodable.swift */,
				ACC6116D2754334D00EF0AF8 /* ItemRowView.swift */,
				AC815D1B2756A2E300F1F62F /* Localizable.strings */,
				AC815D1F2756A3D800F1F62F /* Localizable.stringsdict */,
				ACAF77A8275573CF00C0E40F /* SelectSomethingView.swift */,
				AC815D0F2756528100F1F62F /* Award.swift */,
				AC815D112756530600F1F62F /* AwardsView.swift */,
				AC815D1327567DB600F1F62F /* Color-Additions.swift */,
				ACD91E0E275283A400FD4FA0 /* ProjectsView.swift */,
				ACAF77A627554DA900C0E40F /* Sequence-Sorting.swift */,
				AC1578DA27529E2100FF7529 /* Item-CoreData-Helpers.swift */,
				AC8508612756D37800D5ED95 /* ProjectSummaryView.swift */,
				AC1578DC27529F6A00FF7529 /* Project-CoreData-Helpers.swift */,
				ACD91E052752780C00FD4FA0 /* DataController.swift */,
				AC815D232756A5CE00F1F62F /* Awards.json */,
				ACD91E022752740500FD4FA0 /* Main.xcdatamodeld */,
				ACD91DF82752733C00FD4FA0 /* Assets.xcassets */,
				ACC611732754ADFF00EF0AF8 /* Colors.xcassets */,
				ACD91DFA2752733C00FD4FA0 /* Preview Content */,
			);
			path = "Ultimate Portfolio";
			sourceTree = "<group>";
		};
		ACD91DFA2752733C00FD4FA0 /* Preview Content */ = {
			isa = PBXGroup;
			children = (
				ACD91DFB2752733C00FD4FA0 /* Preview Assets.xcassets */,
			);
			path = "Preview Content";
			sourceTree = "<group>";
		};
		ACD91E0927527FB100FD4FA0 /* Frameworks */ = {
			isa = PBXGroup;
			children = (
				ACD91E0A27527FB100FD4FA0 /* CloudKit.framework */,
			);
			name = Frameworks;
			sourceTree = "<group>";
		};
/* End PBXGroup section */

/* Begin PBXNativeTarget section */
		ACD91DF02752733A00FD4FA0 /* Ultimate Portfolio */ = {
			isa = PBXNativeTarget;
			buildConfigurationList = ACD91DFF2752733C00FD4FA0 /* Build configuration list for PBXNativeTarget "Ultimate Portfolio" */;
			buildPhases = (
				AC8508632757942000D5ED95 /* SwiftLint */,
				ACD91DED2752733A00FD4FA0 /* Sources */,
				ACD91DEE2752733A00FD4FA0 /* Frameworks */,
				ACD91DEF2752733A00FD4FA0 /* Resources */,
			);
			buildRules = (
			);
			dependencies = (
			);
			name = "Ultimate Portfolio";
			productName = "Ultimate Portfolio";
			productReference = ACD91DF12752733A00FD4FA0 /* Ultimate Portfolio.app */;
			productType = "com.apple.product-type.application";
		};
/* End PBXNativeTarget section */

/* Begin PBXProject section */
		ACD91DE92752733900FD4FA0 /* Project object */ = {
			isa = PBXProject;
			attributes = {
				BuildIndependentTargetsInParallel = 1;
				LastSwiftUpdateCheck = 1310;
				LastUpgradeCheck = 1310;
				TargetAttributes = {
					ACD91DF02752733A00FD4FA0 = {
						CreatedOnToolsVersion = 13.1;
					};
				};
			};
			buildConfigurationList = ACD91DEC2752733900FD4FA0 /* Build configuration list for PBXProject "Ultimate Portfolio" */;
			compatibilityVersion = "Xcode 13.0";
			developmentRegion = en;
			hasScannedForEncodings = 0;
			knownRegions = (
				en,
				Base,
				hu,
			);
			mainGroup = ACD91DE82752733900FD4FA0;
			productRefGroup = ACD91DF22752733A00FD4FA0 /* Products */;
			projectDirPath = "";
			projectRoot = "";
			targets = (
				ACD91DF02752733A00FD4FA0 /* Ultimate Portfolio */,
			);
		};
/* End PBXProject section */

/* Begin PBXResourcesBuildPhase section */
		ACD91DEF2752733A00FD4FA0 /* Resources */ = {
			isa = PBXResourcesBuildPhase;
			buildActionMask = 2147483647;
			files = (
				AC815D192756A2E300F1F62F /* Localizable.strings in Resources */,
				ACC611742754ADFF00EF0AF8 /* Colors.xcassets in Resources */,
				AC815D212756A5CE00F1F62F /* Awards.json in Resources */,
				ACD91DFC2752733C00FD4FA0 /* Preview Assets.xcassets in Resources */,
				ACD91DF92752733C00FD4FA0 /* Assets.xcassets in Resources */,
				AC815D1D2756A3D800F1F62F /* Localizable.stringsdict in Resources */,
			);
			runOnlyForDeploymentPostprocessing = 0;
		};
/* End PBXResourcesBuildPhase section */

/* Begin PBXShellScriptBuildPhase section */
		AC8508632757942000D5ED95 /* SwiftLint */ = {
			isa = PBXShellScriptBuildPhase;
			buildActionMask = 2147483647;
			files = (
			);
			inputFileListPaths = (
			);
			inputPaths = (
			);
			name = SwiftLint;
			outputFileListPaths = (
			);
			outputPaths = (
			);
			runOnlyForDeploymentPostprocessing = 0;
			shellPath = /bin/sh;
			shellScript = "if which swiftlint >/dev/null; then\nswiftlint\nelse\necho \"warning: SwiftLint not installed, download from\nhttps://github.com/realm/SwiftLint\"\nfi\n";
		};
/* End PBXShellScriptBuildPhase section */

/* Begin PBXSourcesBuildPhase section */
		ACD91DED2752733A00FD4FA0 /* Sources */ = {
			isa = PBXSourcesBuildPhase;
			buildActionMask = 2147483647;
			files = (
				AC1578DD27529F6A00FF7529 /* Project-CoreData-Helpers.swift in Sources */,
				AC8508622756D37800D5ED95 /* ProjectSummaryView.swift in Sources */,
				ACC611722754AAFE00EF0AF8 /* ProjectHeaderView.swift in Sources */,
				AC815D122756530600F1F62F /* AwardsView.swift in Sources */,
				ACD91E0F275283A400FD4FA0 /* ProjectsView.swift in Sources */,
				ACD91E042752740500FD4FA0 /* Main.xcdatamodeld in Sources */,
				AC815D1427567DB600F1F62F /* Color-Additions.swift in Sources */,
				ACC611762754AEFD00EF0AF8 /* EditProjectView.swift in Sources */,
				ACD91E062752780C00FD4FA0 /* DataController.swift in Sources */,
				ACAF77A9275573CF00C0E40F /* SelectSomethingView.swift in Sources */,
				AC815D102756528100F1F62F /* Award.swift in Sources */,
				ACC6116E2754334D00EF0AF8 /* ItemRowView.swift in Sources */,
				ACD91DF72752733A00FD4FA0 /* ContentView.swift in Sources */,
				ACC611702754A75200EF0AF8 /* Binding-OnChange.swift in Sources */,
				ACAF77A727554DA900C0E40F /* Sequence-Sorting.swift in Sources */,
				AC815D0C27564BA700F1F62F /* Bundle-Decodable.swift in Sources */,
				AC8508602756D21500D5ED95 /* ItemListView.swift in Sources */,
				ACD91E0D2752835400FD4FA0 /* HomeView.swift in Sources */,
				ACD91DF52752733A00FD4FA0 /* UltimatePortfolioApp.swift in Sources */,
				AC1578DB27529E2100FF7529 /* Item-CoreData-Helpers.swift in Sources */,
				ACC6116C2753E4E500EF0AF8 /* EditItemView.swift in Sources */,
			);
			runOnlyForDeploymentPostprocessing = 0;
		};
/* End PBXSourcesBuildPhase section */

/* Begin PBXVariantGroup section */
		AC815D1B2756A2E300F1F62F /* Localizable.strings */ = {
			isa = PBXVariantGroup;
			children = (
				AC815D1A2756A2E300F1F62F /* en */,
				AC815D1C2756A2F200F1F62F /* hu */,
			);
			name = Localizable.strings;
			sourceTree = "<group>";
		};
		AC815D1F2756A3D800F1F62F /* Localizable.stringsdict */ = {
			isa = PBXVariantGroup;
			children = (
				AC815D1E2756A3D800F1F62F /* en */,
				AC815D202756A3DD00F1F62F /* hu */,
			);
			name = Localizable.stringsdict;
			sourceTree = "<group>";
		};
		AC815D232756A5CE00F1F62F /* Awards.json */ = {
			isa = PBXVariantGroup;
			children = (
				AC815D222756A5CE00F1F62F /* en */,
				AC815D242756A5D400F1F62F /* hu */,
			);
			name = Awards.json;
			sourceTree = "<group>";
		};
/* End PBXVariantGroup section */

/* Begin XCBuildConfiguration section */
		ACD91DFD2752733C00FD4FA0 /* Debug */ = {
			isa = XCBuildConfiguration;
			buildSettings = {
				ALWAYS_SEARCH_USER_PATHS = NO;
				CLANG_ANALYZER_NONNULL = YES;
				CLANG_ANALYZER_NUMBER_OBJECT_CONVERSION = YES_AGGRESSIVE;
				CLANG_CXX_LANGUAGE_STANDARD = "gnu++17";
				CLANG_CXX_LIBRARY = "libc++";
				CLANG_ENABLE_MODULES = YES;
				CLANG_ENABLE_OBJC_ARC = YES;
				CLANG_ENABLE_OBJC_WEAK = YES;
				CLANG_WARN_BLOCK_CAPTURE_AUTORELEASING = YES;
				CLANG_WARN_BOOL_CONVERSION = YES;
				CLANG_WARN_COMMA = YES;
				CLANG_WARN_CONSTANT_CONVERSION = YES;
				CLANG_WARN_DEPRECATED_OBJC_IMPLEMENTATIONS = YES;
				CLANG_WARN_DIRECT_OBJC_ISA_USAGE = YES_ERROR;
				CLANG_WARN_DOCUMENTATION_COMMENTS = YES;
				CLANG_WARN_EMPTY_BODY = YES;
				CLANG_WARN_ENUM_CONVERSION = YES;
				CLANG_WARN_INFINITE_RECURSION = YES;
				CLANG_WARN_INT_CONVERSION = YES;
				CLANG_WARN_NON_LITERAL_NULL_CONVERSION = YES;
				CLANG_WARN_OBJC_IMPLICIT_RETAIN_SELF = YES;
				CLANG_WARN_OBJC_LITERAL_CONVERSION = YES;
				CLANG_WARN_OBJC_ROOT_CLASS = YES_ERROR;
				CLANG_WARN_QUOTED_INCLUDE_IN_FRAMEWORK_HEADER = YES;
				CLANG_WARN_RANGE_LOOP_ANALYSIS = YES;
				CLANG_WARN_STRICT_PROTOTYPES = YES;
				CLANG_WARN_SUSPICIOUS_MOVE = YES;
				CLANG_WARN_UNGUARDED_AVAILABILITY = YES_AGGRESSIVE;
				CLANG_WARN_UNREACHABLE_CODE = YES;
				CLANG_WARN__DUPLICATE_METHOD_MATCH = YES;
				COPY_PHASE_STRIP = NO;
				DEBUG_INFORMATION_FORMAT = dwarf;
				ENABLE_STRICT_OBJC_MSGSEND = YES;
				ENABLE_TESTABILITY = YES;
				GCC_C_LANGUAGE_STANDARD = gnu11;
				GCC_DYNAMIC_NO_PIC = NO;
				GCC_NO_COMMON_BLOCKS = YES;
				GCC_OPTIMIZATION_LEVEL = 0;
				GCC_PREPROCESSOR_DEFINITIONS = (
					"DEBUG=1",
					"$(inherited)",
				);
				GCC_WARN_64_TO_32_BIT_CONVERSION = YES;
				GCC_WARN_ABOUT_RETURN_TYPE = YES_ERROR;
				GCC_WARN_UNDECLARED_SELECTOR = YES;
				GCC_WARN_UNINITIALIZED_AUTOS = YES_AGGRESSIVE;
				GCC_WARN_UNUSED_FUNCTION = YES;
				GCC_WARN_UNUSED_VARIABLE = YES;
				IPHONEOS_DEPLOYMENT_TARGET = 15.0;
				MTL_ENABLE_DEBUG_INFO = INCLUDE_SOURCE;
				MTL_FAST_MATH = YES;
				ONLY_ACTIVE_ARCH = YES;
				SDKROOT = iphoneos;
				SWIFT_ACTIVE_COMPILATION_CONDITIONS = DEBUG;
				SWIFT_OPTIMIZATION_LEVEL = "-Onone";
			};
			name = Debug;
		};
		ACD91DFE2752733C00FD4FA0 /* Release */ = {
			isa = XCBuildConfiguration;
			buildSettings = {
				ALWAYS_SEARCH_USER_PATHS = NO;
				CLANG_ANALYZER_NONNULL = YES;
				CLANG_ANALYZER_NUMBER_OBJECT_CONVERSION = YES_AGGRESSIVE;
				CLANG_CXX_LANGUAGE_STANDARD = "gnu++17";
				CLANG_CXX_LIBRARY = "libc++";
				CLANG_ENABLE_MODULES = YES;
				CLANG_ENABLE_OBJC_ARC = YES;
				CLANG_ENABLE_OBJC_WEAK = YES;
				CLANG_WARN_BLOCK_CAPTURE_AUTORELEASING = YES;
				CLANG_WARN_BOOL_CONVERSION = YES;
				CLANG_WARN_COMMA = YES;
				CLANG_WARN_CONSTANT_CONVERSION = YES;
				CLANG_WARN_DEPRECATED_OBJC_IMPLEMENTATIONS = YES;
				CLANG_WARN_DIRECT_OBJC_ISA_USAGE = YES_ERROR;
				CLANG_WARN_DOCUMENTATION_COMMENTS = YES;
				CLANG_WARN_EMPTY_BODY = YES;
				CLANG_WARN_ENUM_CONVERSION = YES;
				CLANG_WARN_INFINITE_RECURSION = YES;
				CLANG_WARN_INT_CONVERSION = YES;
				CLANG_WARN_NON_LITERAL_NULL_CONVERSION = YES;
				CLANG_WARN_OBJC_IMPLICIT_RETAIN_SELF = YES;
				CLANG_WARN_OBJC_LITERAL_CONVERSION = YES;
				CLANG_WARN_OBJC_ROOT_CLASS = YES_ERROR;
				CLANG_WARN_QUOTED_INCLUDE_IN_FRAMEWORK_HEADER = YES;
				CLANG_WARN_RANGE_LOOP_ANALYSIS = YES;
				CLANG_WARN_STRICT_PROTOTYPES = YES;
				CLANG_WARN_SUSPICIOUS_MOVE = YES;
				CLANG_WARN_UNGUARDED_AVAILABILITY = YES_AGGRESSIVE;
				CLANG_WARN_UNREACHABLE_CODE = YES;
				CLANG_WARN__DUPLICATE_METHOD_MATCH = YES;
				COPY_PHASE_STRIP = NO;
				DEBUG_INFORMATION_FORMAT = "dwarf-with-dsym";
				ENABLE_NS_ASSERTIONS = NO;
				ENABLE_STRICT_OBJC_MSGSEND = YES;
				GCC_C_LANGUAGE_STANDARD = gnu11;
				GCC_NO_COMMON_BLOCKS = YES;
				GCC_WARN_64_TO_32_BIT_CONVERSION = YES;
				GCC_WARN_ABOUT_RETURN_TYPE = YES_ERROR;
				GCC_WARN_UNDECLARED_SELECTOR = YES;
				GCC_WARN_UNINITIALIZED_AUTOS = YES_AGGRESSIVE;
				GCC_WARN_UNUSED_FUNCTION = YES;
				GCC_WARN_UNUSED_VARIABLE = YES;
				IPHONEOS_DEPLOYMENT_TARGET = 15.0;
				MTL_ENABLE_DEBUG_INFO = NO;
				MTL_FAST_MATH = YES;
				SDKROOT = iphoneos;
				SWIFT_COMPILATION_MODE = wholemodule;
				SWIFT_OPTIMIZATION_LEVEL = "-O";
				VALIDATE_PRODUCT = YES;
			};
			name = Release;
		};
		ACD91E002752733C00FD4FA0 /* Debug */ = {
			isa = XCBuildConfiguration;
			buildSettings = {
				ASSETCATALOG_COMPILER_APPICON_NAME = AppIcon;
				ASSETCATALOG_COMPILER_GLOBAL_ACCENT_COLOR_NAME = AccentColor;
				CODE_SIGN_ENTITLEMENTS = "Ultimate Portfolio/Ultimate Portfolio.entitlements";
				CODE_SIGN_IDENTITY = "Apple Development";
				CODE_SIGN_STYLE = Automatic;
				CURRENT_PROJECT_VERSION = 1;
				DEVELOPMENT_ASSET_PATHS = "\"Ultimate Portfolio/Preview Content\"";
				DEVELOPMENT_TEAM = 63XWRVA4JU;
				ENABLE_PREVIEWS = YES;
				GENERATE_INFOPLIST_FILE = YES;
				INFOPLIST_FILE = "Ultimate-Portfolio-Info.plist";
				INFOPLIST_KEY_UIApplicationSceneManifest_Generation = YES;
				INFOPLIST_KEY_UIApplicationSupportsIndirectInputEvents = YES;
				INFOPLIST_KEY_UILaunchScreen_Generation = YES;
				INFOPLIST_KEY_UISupportedInterfaceOrientations_iPad = "UIInterfaceOrientationPortrait UIInterfaceOrientationPortraitUpsideDown UIInterfaceOrientationLandscapeLeft UIInterfaceOrientationLandscapeRight";
				INFOPLIST_KEY_UISupportedInterfaceOrientations_iPhone = "UIInterfaceOrientationPortrait UIInterfaceOrientationLandscapeLeft UIInterfaceOrientationLandscapeRight";
				LD_RUNPATH_SEARCH_PATHS = (
					"$(inherited)",
					"@executable_path/Frameworks",
				);
				MARKETING_VERSION = 1.0;
				PRODUCT_BUNDLE_IDENTIFIER = "com.cic.Ultimate-Portfolio";
				PRODUCT_NAME = "$(TARGET_NAME)";
				PROVISIONING_PROFILE_SPECIFIER = "";
				SWIFT_EMIT_LOC_STRINGS = YES;
				SWIFT_VERSION = 5.0;
				TARGETED_DEVICE_FAMILY = "1,2";
			};
			name = Debug;
		};
		ACD91E012752733C00FD4FA0 /* Release */ = {
			isa = XCBuildConfiguration;
			buildSettings = {
				ASSETCATALOG_COMPILER_APPICON_NAME = AppIcon;
				ASSETCATALOG_COMPILER_GLOBAL_ACCENT_COLOR_NAME = AccentColor;
				CODE_SIGN_ENTITLEMENTS = "Ultimate Portfolio/Ultimate Portfolio.entitlements";
				CODE_SIGN_IDENTITY = "Apple Development";
				CODE_SIGN_STYLE = Automatic;
				CURRENT_PROJECT_VERSION = 1;
				DEVELOPMENT_ASSET_PATHS = "\"Ultimate Portfolio/Preview Content\"";
				DEVELOPMENT_TEAM = 63XWRVA4JU;
				ENABLE_PREVIEWS = YES;
				GENERATE_INFOPLIST_FILE = YES;
				INFOPLIST_FILE = "Ultimate-Portfolio-Info.plist";
				INFOPLIST_KEY_UIApplicationSceneManifest_Generation = YES;
				INFOPLIST_KEY_UIApplicationSupportsIndirectInputEvents = YES;
				INFOPLIST_KEY_UILaunchScreen_Generation = YES;
				INFOPLIST_KEY_UISupportedInterfaceOrientations_iPad = "UIInterfaceOrientationPortrait UIInterfaceOrientationPortraitUpsideDown UIInterfaceOrientationLandscapeLeft UIInterfaceOrientationLandscapeRight";
				INFOPLIST_KEY_UISupportedInterfaceOrientations_iPhone = "UIInterfaceOrientationPortrait UIInterfaceOrientationLandscapeLeft UIInterfaceOrientationLandscapeRight";
				LD_RUNPATH_SEARCH_PATHS = (
					"$(inherited)",
					"@executable_path/Frameworks",
				);
				MARKETING_VERSION = 1.0;
				PRODUCT_BUNDLE_IDENTIFIER = "com.cic.Ultimate-Portfolio";
				PRODUCT_NAME = "$(TARGET_NAME)";
				PROVISIONING_PROFILE_SPECIFIER = "";
				SWIFT_EMIT_LOC_STRINGS = YES;
				SWIFT_VERSION = 5.0;
				TARGETED_DEVICE_FAMILY = "1,2";
			};
			name = Release;
		};
/* End XCBuildConfiguration section */

/* Begin XCConfigurationList section */
		ACD91DEC2752733900FD4FA0 /* Build configuration list for PBXProject "Ultimate Portfolio" */ = {
			isa = XCConfigurationList;
			buildConfigurations = (
				ACD91DFD2752733C00FD4FA0 /* Debug */,
				ACD91DFE2752733C00FD4FA0 /* Release */,
			);
			defaultConfigurationIsVisible = 0;
			defaultConfigurationName = Release;
		};
		ACD91DFF2752733C00FD4FA0 /* Build configuration list for PBXNativeTarget "Ultimate Portfolio" */ = {
			isa = XCConfigurationList;
			buildConfigurations = (
				ACD91E002752733C00FD4FA0 /* Debug */,
				ACD91E012752733C00FD4FA0 /* Release */,
			);
			defaultConfigurationIsVisible = 0;
			defaultConfigurationName = Release;
		};
/* End XCConfigurationList section */

/* Begin XCVersionGroup section */
		ACD91E022752740500FD4FA0 /* Main.xcdatamodeld */ = {
			isa = XCVersionGroup;
			children = (
				ACD91E032752740500FD4FA0 /* Main.xcdatamodel */,
			);
			currentVersion = ACD91E032752740500FD4FA0 /* Main.xcdatamodel */;
			path = Main.xcdatamodeld;
			sourceTree = "<group>";
			versionGroupType = wrapper.xcdatamodel;
		};
/* End XCVersionGroup section */
	};
	rootObject = ACD91DE92752733900FD4FA0 /* Project object */;
}
